PODS:
  - FTImageViewer (2.0.7):
    - Kingfisher
  - Kingfisher (5.4.0)

DEPENDENCIES:
  - FTImageViewer (from `../`)

SPEC REPOS:
  https://github.com/cocoapods/specs.git:
    - Kingfisher

EXTERNAL SOURCES:
  FTImageViewer:
    :path: "../"

SPEC CHECKSUMS:
  FTImageViewer: 7983c98b037ed1ef2abb9f6cbe70c8a42023f995
  Kingfisher: 9c8f2cc6710334e06f32ba2b45e77707d5e2f0c9

PODFILE CHECKSUM: 7a97655781c9cfe087047f64e37ee9482afec1c0

COCOAPODS: 1.7.0.beta.3
