// !$*UTF8*$!
{
	archiveVersion = 1;
	classes = {
	};
	objectVersion = 46;
	objects = {

/* Begin PBXBuildFile section */
		2A6C1ADA1DE299D500880F70 /* WebViewController.swift in Sources */ = {isa = PBXBuildFile; fileRef = 2A6C1AD91DE299D500880F70 /* WebViewController.swift */; };
		5AE2A6C61CF2F8E400334804 /* DemoTableViewCell.swift in Sources */ = {isa = PBXBuildFile; fileRef = 5AE2A6C51CF2F8E400334804 /* DemoTableViewCell.swift */; };
		5AEFDF461CF0AD380081F07F /* AppDelegate.swift in Sources */ = {isa = PBXBuildFile; fileRef = 5AEFDF451CF0AD380081F07F /* AppDelegate.swift */; };
		5AEFDF481CF0AD380081F07F /* ViewController.swift in Sources */ = {isa = PBXBuildFile; fileRef = 5AEFDF471CF0AD380081F07F /* ViewController.swift */; };
		5AEFDF4B1CF0AD380081F07F /* Main.storyboard in Resources */ = {isa = PBXBuildFile; fileRef = 5AEFDF491CF0AD380081F07F /* Main.storyboard */; };
		5AEFDF4D1CF0AD380081F07F /* Assets.xcassets in Resources */ = {isa = PBXBuildFile; fileRef = 5AEFDF4C1CF0AD380081F07F /* Assets.xcassets */; };
		5AEFDF501CF0AD380081F07F /* LaunchScreen.storyboard in Resources */ = {isa = PBXBuildFile; fileRef = 5AEFDF4E1CF0AD380081F07F /* LaunchScreen.storyboard */; };
		A0C6083F9109D2867CF18AC5 /* Pods_FTImageViewerDemo.framework in Frameworks */ = {isa = PBXBuildFile; fileRef = C1AF93BE5CE17D827B77329C /* Pods_FTImageViewerDemo.framework */; };
/* End PBXBuildFile section */

/* Begin PBXCopyFilesBuildPhase section */
		2A76637A1DED48C30068C6FF /* Embed Frameworks */ = {
			isa = PBXCopyFilesBuildPhase;
			buildActionMask = 2147483647;
			dstPath = "";
			dstSubfolderSpec = 10;
			files = (
			);
			name = "Embed Frameworks";
			runOnlyForDeploymentPostprocessing = 0;
		};
/* End PBXCopyFilesBuildPhase section */

/* Begin PBXFileReference section */
		054E51CDB0EBD6F8938203C7 /* Pods-FTImageViewerDemo.debug.xcconfig */ = {isa = PBXFileReference; includeInIndex = 1; lastKnownFileType = text.xcconfig; name = "Pods-FTImageViewerDemo.debug.xcconfig"; path = "Pods/Target Support Files/Pods-FTImageViewerDemo/Pods-FTImageViewerDemo.debug.xcconfig"; sourceTree = "<group>"; };
		2A6C1AD91DE299D500880F70 /* WebViewController.swift */ = {isa = PBXFileReference; fileEncoding = 4; lastKnownFileType = sourcecode.swift; path = WebViewController.swift; sourceTree = "<group>"; };
		5AE2A6C51CF2F8E400334804 /* DemoTableViewCell.swift */ = {isa = PBXFileReference; fileEncoding = 4; lastKnownFileType = sourcecode.swift; path = DemoTableViewCell.swift; sourceTree = "<group>"; };
		5AEFDF421CF0AD380081F07F /* FTImageViewerDemo.app */ = {isa = PBXFileReference; explicitFileType = wrapper.application; includeInIndex = 0; path = FTImageViewerDemo.app; sourceTree = BUILT_PRODUCTS_DIR; };
		5AEFDF451CF0AD380081F07F /* AppDelegate.swift */ = {isa = PBXFileReference; lastKnownFileType = sourcecode.swift; path = AppDelegate.swift; sourceTree = "<group>"; };
		5AEFDF471CF0AD380081F07F /* ViewController.swift */ = {isa = PBXFileReference; lastKnownFileType = sourcecode.swift; path = ViewController.swift; sourceTree = "<group>"; };
		5AEFDF4A1CF0AD380081F07F /* Base */ = {isa = PBXFileReference; lastKnownFileType = file.storyboard; name = Base; path = Base.lproj/Main.storyboard; sourceTree = "<group>"; };
		5AEFDF4C1CF0AD380081F07F /* Assets.xcassets */ = {isa = PBXFileReference; lastKnownFileType = folder.assetcatalog; path = Assets.xcassets; sourceTree = "<group>"; };
		5AEFDF4F1CF0AD380081F07F /* Base */ = {isa = PBXFileReference; lastKnownFileType = file.storyboard; name = Base; path = Base.lproj/LaunchScreen.storyboard; sourceTree = "<group>"; };
		5AEFDF511CF0AD380081F07F /* Info.plist */ = {isa = PBXFileReference; lastKnownFileType = text.plist.xml; path = Info.plist; sourceTree = "<group>"; };
		9739679F62DB5C3B822BF688 /* Pods-FTImageViewerDemo.release.xcconfig */ = {isa = PBXFileReference; includeInIndex = 1; lastKnownFileType = text.xcconfig; name = "Pods-FTImageViewerDemo.release.xcconfig"; path = "Pods/Target Support Files/Pods-FTImageViewerDemo/Pods-FTImageViewerDemo.release.xcconfig"; sourceTree = "<group>"; };
		C1AF93BE5CE17D827B77329C /* Pods_FTImageViewerDemo.framework */ = {isa = PBXFileReference; explicitFileType = wrapper.framework; includeInIndex = 0; path = Pods_FTImageViewerDemo.framework; sourceTree = BUILT_PRODUCTS_DIR; };
/* End PBXFileReference section */

/* Begin PBXFrameworksBuildPhase section */
		5AEFDF3F1CF0AD380081F07F /* Frameworks */ = {
			isa = PBXFrameworksBuildPhase;
			buildActionMask = 2147483647;
			files = (
				A0C6083F9109D2867CF18AC5 /* Pods_FTImageViewerDemo.framework in Frameworks */,
			);
			runOnlyForDeploymentPostprocessing = 0;
		};
/* End PBXFrameworksBuildPhase section */

/* Begin PBXGroup section */
		2AE091451E2355EA00000F2E /* View */ = {
			isa = PBXGroup;
			children = (
				5AE2A6C51CF2F8E400334804 /* DemoTableViewCell.swift */,
			);
			name = View;
			sourceTree = "<group>";
		};
		3CAC87B7E0B3D25DAADBB6C4 /* Pods */ = {
			isa = PBXGroup;
			children = (
				054E51CDB0EBD6F8938203C7 /* Pods-FTImageViewerDemo.debug.xcconfig */,
				9739679F62DB5C3B822BF688 /* Pods-FTImageViewerDemo.release.xcconfig */,
			);
			name = Pods;
			sourceTree = "<group>";
		};
		5AEFDF391CF0AD380081F07F = {
			isa = PBXGroup;
			children = (
				5AEFDF441CF0AD380081F07F /* FTImageViewerDemo */,
				5AEFDF431CF0AD380081F07F /* Products */,
				3CAC87B7E0B3D25DAADBB6C4 /* Pods */,
				D97588C9B0AC1458FCE773A8 /* Frameworks */,
			);
			sourceTree = "<group>";
		};
		5AEFDF431CF0AD380081F07F /* Products */ = {
			isa = PBXGroup;
			children = (
				5AEFDF421CF0AD380081F07F /* FTImageViewerDemo.app */,
			);
			name = Products;
			sourceTree = "<group>";
		};
		5AEFDF441CF0AD380081F07F /* FTImageViewerDemo */ = {
			isa = PBXGroup;
			children = (
				5AEFDF451CF0AD380081F07F /* AppDelegate.swift */,
				5AEFDF471CF0AD380081F07F /* ViewController.swift */,
				2A6C1AD91DE299D500880F70 /* WebViewController.swift */,
				2AE091451E2355EA00000F2E /* View */,
				5AEFDF491CF0AD380081F07F /* Main.storyboard */,
				5AEFDF4C1CF0AD380081F07F /* Assets.xcassets */,
				5AEFDF4E1CF0AD380081F07F /* LaunchScreen.storyboard */,
				5AEFDF511CF0AD380081F07F /* Info.plist */,
			);
			path = FTImageViewerDemo;
			sourceTree = "<group>";
		};
		D97588C9B0AC1458FCE773A8 /* Frameworks */ = {
			isa = PBXGroup;
			children = (
				C1AF93BE5CE17D827B77329C /* Pods_FTImageViewerDemo.framework */,
			);
			name = Frameworks;
			sourceTree = "<group>";
		};
/* End PBXGroup section */

/* Begin PBXNativeTarget section */
		5AEFDF411CF0AD380081F07F /* FTImageViewerDemo */ = {
			isa = PBXNativeTarget;
			buildConfigurationList = 5AEFDF6A1CF0AD380081F07F /* Build configuration list for PBXNativeTarget "FTImageViewerDemo" */;
			buildPhases = (
				51E548E28F2AE58849666FE4 /* [CP] Check Pods Manifest.lock */,
				5AEFDF3E1CF0AD380081F07F /* Sources */,
				5AEFDF3F1CF0AD380081F07F /* Frameworks */,
				5AEFDF401CF0AD380081F07F /* Resources */,
				2A76637A1DED48C30068C6FF /* Embed Frameworks */,
				94D6C791A62A009D31AF0CD7 /* [CP] Embed Pods Frameworks */,
			);
			buildRules = (
			);
			dependencies = (
			);
			name = FTImageViewerDemo;
			productName = FTImageViewerDemo;
			productReference = 5AEFDF421CF0AD380081F07F /* FTImageViewerDemo.app */;
			productType = "com.apple.product-type.application";
		};
/* End PBXNativeTarget section */

/* Begin PBXProject section */
		5AEFDF3A1CF0AD380081F07F /* Project object */ = {
			isa = PBXProject;
			attributes = {
				LastSwiftUpdateCheck = 0730;
				LastUpgradeCheck = 1020;
				ORGANIZATIONNAME = liufengting;
				TargetAttributes = {
					5AEFDF411CF0AD380081F07F = {
						CreatedOnToolsVersion = 7.3.1;
						DevelopmentTeam = E83AC9WR2F;
						LastSwiftMigration = 1020;
						ProvisioningStyle = Automatic;
					};
				};
			};
			buildConfigurationList = 5AEFDF3D1CF0AD380081F07F /* Build configuration list for PBXProject "FTImageViewerDemo" */;
			compatibilityVersion = "Xcode 3.2";
			developmentRegion = English;
			hasScannedForEncodings = 0;
			knownRegions = (
				English,
				en,
				Base,
			);
			mainGroup = 5AEFDF391CF0AD380081F07F;
			productRefGroup = 5AEFDF431CF0AD380081F07F /* Products */;
			projectDirPath = "";
			projectRoot = "";
			targets = (
				5AEFDF411CF0AD380081F07F /* FTImageViewerDemo */,
			);
		};
/* End PBXProject section */

/* Begin PBXResourcesBuildPhase section */
		5AEFDF401CF0AD380081F07F /* Resources */ = {
			isa = PBXResourcesBuildPhase;
			buildActionMask = 2147483647;
			files = (
				5AEFDF501CF0AD380081F07F /* LaunchScreen.storyboard in Resources */,
				5AEFDF4D1CF0AD380081F07F /* Assets.xcassets in Resources */,
				5AEFDF4B1CF0AD380081F07F /* Main.storyboard in Resources */,
			);
			runOnlyForDeploymentPostprocessing = 0;
		};
/* End PBXResourcesBuildPhase section */

/* Begin PBXShellScriptBuildPhase section */
		51E548E28F2AE58849666FE4 /* [CP] Check Pods Manifest.lock */ = {
			isa = PBXShellScriptBuildPhase;
			buildActionMask = 2147483647;
			files = (
			);
			inputPaths = (
				"${PODS_PODFILE_DIR_PATH}/Podfile.lock",
				"${PODS_ROOT}/Manifest.lock",
			);
			name = "[CP] Check Pods Manifest.lock";
			outputPaths = (
				"$(DERIVED_FILE_DIR)/Pods-FTImageViewerDemo-checkManifestLockResult.txt",
			);
			runOnlyForDeploymentPostprocessing = 0;
			shellPath = /bin/sh;
			shellScript = "diff \"${PODS_PODFILE_DIR_PATH}/Podfile.lock\" \"${PODS_ROOT}/Manifest.lock\" > /dev/null\nif [ $? != 0 ] ; then\n    # print error to STDERR\n    echo \"error: The sandbox is not in sync with the Podfile.lock. Run 'pod install' or update your CocoaPods installation.\" >&2\n    exit 1\nfi\n# This output is used by Xcode 'outputs' to avoid re-running this script phase.\necho \"SUCCESS\" > \"${SCRIPT_OUTPUT_FILE_0}\"\n";
			showEnvVarsInLog = 0;
		};
		94D6C791A62A009D31AF0CD7 /* [CP] Embed Pods Frameworks */ = {
			isa = PBXShellScriptBuildPhase;
			buildActionMask = 2147483647;
			files = (
			);
			inputPaths = (
				"${PODS_ROOT}/Target Support Files/Pods-FTImageViewerDemo/Pods-FTImageViewerDemo-frameworks.sh",
				"${BUILT_PRODUCTS_DIR}/FTImageViewer/FTImageViewer.framework",
				"${BUILT_PRODUCTS_DIR}/Kingfisher/Kingfisher.framework",
			);
			name = "[CP] Embed Pods Frameworks";
			outputPaths = (
				"${TARGET_BUILD_DIR}/${FRAMEWORKS_FOLDER_PATH}/FTImageViewer.framework",
				"${TARGET_BUILD_DIR}/${FRAMEWORKS_FOLDER_PATH}/Kingfisher.framework",
			);
			runOnlyForDeploymentPostprocessing = 0;
			shellPath = /bin/sh;
			shellScript = "\"${PODS_ROOT}/Target Support Files/Pods-FTImageViewerDemo/Pods-FTImageViewerDemo-frameworks.sh\"\n";
			showEnvVarsInLog = 0;
		};
/* End PBXShellScriptBuildPhase section */

/* Begin PBXSourcesBuildPhase section */
		5AEFDF3E1CF0AD380081F07F /* Sources */ = {
			isa = PBXSourcesBuildPhase;
			buildActionMask = 2147483647;
			files = (
				5AEFDF481CF0AD380081F07F /* ViewController.swift in Sources */,
				5AE2A6C61CF2F8E400334804 /* DemoTableViewCell.swift in Sources */,
				2A6C1ADA1DE299D500880F70 /* WebViewController.swift in Sources */,
				5AEFDF461CF0AD380081F07F /* AppDelegate.swift in Sources */,
			);
			runOnlyForDeploymentPostprocessing = 0;
		};
/* End PBXSourcesBuildPhase section */

/* Begin PBXVariantGroup section */
		5AEFDF491CF0AD380081F07F /* Main.storyboard */ = {
			isa = PBXVariantGroup;
			children = (
				5AEFDF4A1CF0AD380081F07F /* Base */,
			);
			name = Main.storyboard;
			sourceTree = "<group>";
		};
		5AEFDF4E1CF0AD380081F07F /* LaunchScreen.storyboard */ = {
			isa = PBXVariantGroup;
			children = (
				5AEFDF4F1CF0AD380081F07F /* Base */,
			);
			name = LaunchScreen.storyboard;
			sourceTree = "<group>";
		};
/* End PBXVariantGroup section */

/* Begin XCBuildConfiguration section */
		5AEFDF681CF0AD380081F07F /* Debug */ = {
			isa = XCBuildConfiguration;
			buildSettings = {
				ALWAYS_SEARCH_USER_PATHS = NO;
				CLANG_ANALYZER_LOCALIZABILITY_NONLOCALIZED = YES;
				CLANG_ANALYZER_NONNULL = YES;
				CLANG_CXX_LANGUAGE_STANDARD = "gnu++0x";
				CLANG_CXX_LIBRARY = "libc++";
				CLANG_ENABLE_MODULES = YES;
				CLANG_ENABLE_OBJC_ARC = YES;
				CLANG_WARN_BLOCK_CAPTURE_AUTORELEASING = YES;
				CLANG_WARN_BOOL_CONVERSION = YES;
				CLANG_WARN_COMMA = YES;
				CLANG_WARN_CONSTANT_CONVERSION = YES;
				CLANG_WARN_DEPRECATED_OBJC_IMPLEMENTATIONS = YES;
				CLANG_WARN_DIRECT_OBJC_ISA_USAGE = YES_ERROR;
				CLANG_WARN_EMPTY_BODY = YES;
				CLANG_WARN_ENUM_CONVERSION = YES;
				CLANG_WARN_INFINITE_RECURSION = YES;
				CLANG_WARN_INT_CONVERSION = YES;
				CLANG_WARN_NON_LITERAL_NULL_CONVERSION = YES;
				CLANG_WARN_OBJC_IMPLICIT_RETAIN_SELF = YES;
				CLANG_WARN_OBJC_LITERAL_CONVERSION = YES;
				CLANG_WARN_OBJC_ROOT_CLASS = YES_ERROR;
				CLANG_WARN_RANGE_LOOP_ANALYSIS = YES;
				CLANG_WARN_STRICT_PROTOTYPES = YES;
				CLANG_WARN_SUSPICIOUS_MOVE = YES;
				CLANG_WARN_UNREACHABLE_CODE = YES;
				CLANG_WARN__DUPLICATE_METHOD_MATCH = YES;
				"CODE_SIGN_IDENTITY[sdk=iphoneos*]" = "iPhone Developer";
				COPY_PHASE_STRIP = NO;
				DEBUG_INFORMATION_FORMAT = dwarf;
				ENABLE_STRICT_OBJC_MSGSEND = YES;
				ENABLE_TESTABILITY = YES;
				GCC_C_LANGUAGE_STANDARD = gnu99;
				GCC_DYNAMIC_NO_PIC = NO;
				GCC_NO_COMMON_BLOCKS = YES;
				GCC_OPTIMIZATION_LEVEL = 0;
				GCC_PREPROCESSOR_DEFINITIONS = (
					"DEBUG=1",
					"$(inherited)",
				);
				GCC_WARN_64_TO_32_BIT_CONVERSION = YES;
				GCC_WARN_ABOUT_RETURN_TYPE = YES_ERROR;
				GCC_WARN_UNDECLARED_SELECTOR = YES;
				GCC_WARN_UNINITIALIZED_AUTOS = YES_AGGRESSIVE;
				GCC_WARN_UNUSED_FUNCTION = YES;
				GCC_WARN_UNUSED_VARIABLE = YES;
				IPHONEOS_DEPLOYMENT_TARGET = 8.0;
				MTL_ENABLE_DEBUG_INFO = YES;
				ONLY_ACTIVE_ARCH = YES;
				SDKROOT = iphoneos;
				SWIFT_OPTIMIZATION_LEVEL = "-Onone";
			};
			name = Debug;
		};
		5AEFDF691CF0AD380081F07F /* Release */ = {
			isa = XCBuildConfiguration;
			buildSettings = {
				ALWAYS_SEARCH_USER_PATHS = NO;
				CLANG_ANALYZER_LOCALIZABILITY_NONLOCALIZED = YES;
				CLANG_ANALYZER_NONNULL = YES;
				CLANG_CXX_LANGUAGE_STANDARD = "gnu++0x";
				CLANG_CXX_LIBRARY = "libc++";
				CLANG_ENABLE_MODULES = YES;
				CLANG_ENABLE_OBJC_ARC = YES;
				CLANG_WARN_BLOCK_CAPTURE_AUTORELEASING = YES;
				CLANG_WARN_BOOL_CONVERSION = YES;
				CLANG_WARN_COMMA = YES;
				CLANG_WARN_CONSTANT_CONVERSION = YES;
				CLANG_WARN_DEPRECATED_OBJC_IMPLEMENTATIONS = YES;
				CLANG_WARN_DIRECT_OBJC_ISA_USAGE = YES_ERROR;
				CLANG_WARN_EMPTY_BODY = YES;
				CLANG_WARN_ENUM_CONVERSION = YES;
				CLANG_WARN_INFINITE_RECURSION = YES;
				CLANG_WARN_INT_CONVERSION = YES;
				CLANG_WARN_NON_LITERAL_NULL_CONVERSION = YES;
				CLANG_WARN_OBJC_IMPLICIT_RETAIN_SELF = YES;
				CLANG_WARN_OBJC_LITERAL_CONVERSION = YES;
				CLANG_WARN_OBJC_ROOT_CLASS = YES_ERROR;
				CLANG_WARN_RANGE_LOOP_ANALYSIS = YES;
				CLANG_WARN_STRICT_PROTOTYPES = YES;
				CLANG_WARN_SUSPICIOUS_MOVE = YES;
				CLANG_WARN_UNREACHABLE_CODE = YES;
				CLANG_WARN__DUPLICATE_METHOD_MATCH = YES;
				"CODE_SIGN_IDENTITY[sdk=iphoneos*]" = "iPhone Developer";
				COPY_PHASE_STRIP = NO;
				DEBUG_INFORMATION_FORMAT = "dwarf-with-dsym";
				ENABLE_NS_ASSERTIONS = NO;
				ENABLE_STRICT_OBJC_MSGSEND = YES;
				GCC_C_LANGUAGE_STANDARD = gnu99;
				GCC_NO_COMMON_BLOCKS = YES;
				GCC_WARN_64_TO_32_BIT_CONVERSION = YES;
				GCC_WARN_ABOUT_RETURN_TYPE = YES_ERROR;
				GCC_WARN_UNDECLARED_SELECTOR = YES;
				GCC_WARN_UNINITIALIZED_AUTOS = YES_AGGRESSIVE;
				GCC_WARN_UNUSED_FUNCTION = YES;
				GCC_WARN_UNUSED_VARIABLE = YES;
				IPHONEOS_DEPLOYMENT_TARGET = 8.0;
				MTL_ENABLE_DEBUG_INFO = NO;
				SDKROOT = iphoneos;
				SWIFT_OPTIMIZATION_LEVEL = "-Owholemodule";
				VALIDATE_PRODUCT = YES;
			};
			name = Release;
		};
		5AEFDF6B1CF0AD380081F07F /* Debug */ = {
			isa = XCBuildConfiguration;
			baseConfigurationReference = 054E51CDB0EBD6F8938203C7 /* Pods-FTImageViewerDemo.debug.xcconfig */;
			buildSettings = {
				ALWAYS_EMBED_SWIFT_STANDARD_LIBRARIES = YES;
				ASSETCATALOG_COMPILER_APPICON_NAME = AppIcon;
				CLANG_ENABLE_MODULES = YES;
				"CODE_SIGN_IDENTITY[sdk=iphoneos*]" = "iPhone Developer";
				DEVELOPMENT_TEAM = E83AC9WR2F;
				INFOPLIST_FILE = FTImageViewerDemo/Info.plist;
				IPHONEOS_DEPLOYMENT_TARGET = 10.0;
				LD_RUNPATH_SEARCH_PATHS = "$(inherited) @executable_path/Frameworks";
				PRODUCT_BUNDLE_IDENTIFIER = com.liufengting.ftdemo;
				PRODUCT_NAME = "$(TARGET_NAME)";
				SWIFT_OBJC_BRIDGING_HEADER = "";
				SWIFT_OPTIMIZATION_LEVEL = "-Onone";
				SWIFT_VERSION = 5.0;
			};
			name = Debug;
		};
		5AEFDF6C1CF0AD380081F07F /* Release */ = {
			isa = XCBuildConfiguration;
			baseConfigurationReference = 9739679F62DB5C3B822BF688 /* Pods-FTImageViewerDemo.release.xcconfig */;
			buildSettings = {
				ALWAYS_EMBED_SWIFT_STANDARD_LIBRARIES = YES;
				ASSETCATALOG_COMPILER_APPICON_NAME = AppIcon;
				CLANG_ENABLE_MODULES = YES;
				"CODE_SIGN_IDENTITY[sdk=iphoneos*]" = "iPhone Developer";
				DEVELOPMENT_TEAM = E83AC9WR2F;
				INFOPLIST_FILE = FTImageViewerDemo/Info.plist;
				IPHONEOS_DEPLOYMENT_TARGET = 10.0;
				LD_RUNPATH_SEARCH_PATHS = "$(inherited) @executable_path/Frameworks";
				PRODUCT_BUNDLE_IDENTIFIER = com.liufengting.ftdemo;
				PRODUCT_NAME = "$(TARGET_NAME)";
				SWIFT_OBJC_BRIDGING_HEADER = "";
				SWIFT_VERSION = 5.0;
			};
			name = Release;
		};
/* End XCBuildConfiguration section */

/* Begin XCConfigurationList section */
		5AEFDF3D1CF0AD380081F07F /* Build configuration list for PBXProject "FTImageViewerDemo" */ = {
			isa = XCConfigurationList;
			buildConfigurations = (
				5AEFDF681CF0AD380081F07F /* Debug */,
				5AEFDF691CF0AD380081F07F /* Release */,
			);
			defaultConfigurationIsVisible = 0;
			defaultConfigurationName = Release;
		};
		5AEFDF6A1CF0AD380081F07F /* Build configuration list for PBXNativeTarget "FTImageViewerDemo" */ = {
			isa = XCConfigurationList;
			buildConfigurations = (
				5AEFDF6B1CF0AD380081F07F /* Debug */,
				5AEFDF6C1CF0AD380081F07F /* Release */,
			);
			defaultConfigurationIsVisible = 0;
			defaultConfigurationName = Release;
		};
/* End XCConfigurationList section */
	};
	rootObject = 5AEFDF3A1CF0AD380081F07F /* Project object */;
}
