// !$*UTF8*$!
{
	archiveVersion = 1;
	classes = {
	};
	objectVersion = 55;
	objects = {

/* Begin PBXBuildFile section */
		2A84FF1B269575F900D54C99 /* AppDelegate.swift in Sources */ = {isa = PBXBuildFile; fileRef = 2A84FF1A269575F900D54C99 /* AppDelegate.swift */; };
		2A84FF1D269575F900D54C99 /* SceneDelegate.swift in Sources */ = {isa = PBXBuildFile; fileRef = 2A84FF1C269575F900D54C99 /* SceneDelegate.swift */; };
		2A84FF22269575F900D54C99 /* Main.storyboard in Resources */ = {isa = PBXBuildFile; fileRef = 2A84FF20269575F900D54C99 /* Main.storyboard */; };
		2A84FF24269575F900D54C99 /* Assets.xcassets in Resources */ = {isa = PBXBuildFile; fileRef = 2A84FF23269575F900D54C99 /* Assets.xcassets */; };
		2A84FF27269575F900D54C99 /* LaunchScreen.storyboard in Resources */ = {isa = PBXBuildFile; fileRef = 2A84FF25269575F900D54C99 /* LaunchScreen.storyboard */; };
		2A84FF352695784A00D54C99 /* ViewController.swift in Sources */ = {isa = PBXBuildFile; fileRef = 2A84FF322695784A00D54C99 /* ViewController.swift */; };
		2A84FF362695784A00D54C99 /* DemoTableViewCell.swift in Sources */ = {isa = PBXBuildFile; fileRef = 2A84FF332695784A00D54C99 /* DemoTableViewCell.swift */; };
		2A84FF372695784A00D54C99 /* WebViewController.swift in Sources */ = {isa = PBXBuildFile; fileRef = 2A84FF342695784A00D54C99 /* WebViewController.swift */; };
		2A84FF3A269578A000D54C99 /* FTImageViewer.framework in Frameworks */ = {isa = PBXBuildFile; fileRef = 2A84FF39269578A000D54C99 /* FTImageViewer.framework */; };
		2A84FF3B269578A000D54C99 /* FTImageViewer.framework in Embed Frameworks */ = {isa = PBXBuildFile; fileRef = 2A84FF39269578A000D54C99 /* FTImageViewer.framework */; settings = {ATTRIBUTES = (CodeSignOnCopy, RemoveHeadersOnCopy, ); }; };
/* End PBXBuildFile section */

/* Begin PBXCopyFilesBuildPhase section */
		2A84FF3C269578A000D54C99 /* Embed Frameworks */ = {
			isa = PBXCopyFilesBuildPhase;
			buildActionMask = 2147483647;
			dstPath = "";
			dstSubfolderSpec = 10;
			files = (
				2A84FF3B269578A000D54C99 /* FTImageViewer.framework in Embed Frameworks */,
			);
			name = "Embed Frameworks";
			runOnlyForDeploymentPostprocessing = 0;
		};
/* End PBXCopyFilesBuildPhase section */

/* Begin PBXFileReference section */
		2A84FF17269575F900D54C99 /* FTImageViewerDemo.app */ = {isa = PBXFileReference; explicitFileType = wrapper.application; includeInIndex = 0; path = FTImageViewerDemo.app; sourceTree = BUILT_PRODUCTS_DIR; };
		2A84FF1A269575F900D54C99 /* AppDelegate.swift */ = {isa = PBXFileReference; lastKnownFileType = sourcecode.swift; path = AppDelegate.swift; sourceTree = "<group>"; };
		2A84FF1C269575F900D54C99 /* SceneDelegate.swift */ = {isa = PBXFileReference; lastKnownFileType = sourcecode.swift; path = SceneDelegate.swift; sourceTree = "<group>"; };
		2A84FF21269575F900D54C99 /* Base */ = {isa = PBXFileReference; lastKnownFileType = file.storyboard; name = Base; path = Base.lproj/Main.storyboard; sourceTree = "<group>"; };
		2A84FF23269575F900D54C99 /* Assets.xcassets */ = {isa = PBXFileReference; lastKnownFileType = folder.assetcatalog; path = Assets.xcassets; sourceTree = "<group>"; };
		2A84FF26269575F900D54C99 /* Base */ = {isa = PBXFileReference; lastKnownFileType = file.storyboard; name = Base; path = Base.lproj/LaunchScreen.storyboard; sourceTree = "<group>"; };
		2A84FF28269575F900D54C99 /* Info.plist */ = {isa = PBXFileReference; lastKnownFileType = text.plist.xml; path = Info.plist; sourceTree = "<group>"; };
		2A84FF322695784A00D54C99 /* ViewController.swift */ = {isa = PBXFileReference; fileEncoding = 4; lastKnownFileType = sourcecode.swift; name = ViewController.swift; path = ../../../../../.Trash/FTImageViewerDemo/FTImageViewerDemo/ViewController.swift; sourceTree = "<group>"; };
		2A84FF332695784A00D54C99 /* DemoTableViewCell.swift */ = {isa = PBXFileReference; fileEncoding = 4; lastKnownFileType = sourcecode.swift; path = DemoTableViewCell.swift; sourceTree = "<group>"; };
		2A84FF342695784A00D54C99 /* WebViewController.swift */ = {isa = PBXFileReference; fileEncoding = 4; lastKnownFileType = sourcecode.swift; path = WebViewController.swift; sourceTree = "<group>"; };
		2A84FF39269578A000D54C99 /* FTImageViewer.framework */ = {isa = PBXFileReference; explicitFileType = wrapper.framework; path = FTImageViewer.framework; sourceTree = BUILT_PRODUCTS_DIR; };
/* End PBXFileReference section */

/* Begin PBXFrameworksBuildPhase section */
		2A84FF14269575F900D54C99 /* Frameworks */ = {
			isa = PBXFrameworksBuildPhase;
			buildActionMask = 2147483647;
			files = (
				2A84FF3A269578A000D54C99 /* FTImageViewer.framework in Frameworks */,
			);
			runOnlyForDeploymentPostprocessing = 0;
		};
/* End PBXFrameworksBuildPhase section */

/* Begin PBXGroup section */
		2A84FF0E269575F900D54C99 = {
			isa = PBXGroup;
			children = (
				2A84FF19269575F900D54C99 /* FTImageViewerDemo */,
				2A84FF18269575F900D54C99 /* Products */,
				2A84FF38269578A000D54C99 /* Frameworks */,
			);
			sourceTree = "<group>";
		};
		2A84FF18269575F900D54C99 /* Products */ = {
			isa = PBXGroup;
			children = (
				2A84FF17269575F900D54C99 /* FTImageViewerDemo.app */,
			);
			name = Products;
			sourceTree = "<group>";
		};
		2A84FF19269575F900D54C99 /* FTImageViewerDemo */ = {
			isa = PBXGroup;
			children = (
				2A84FF1A269575F900D54C99 /* AppDelegate.swift */,
				2A84FF1C269575F900D54C99 /* SceneDelegate.swift */,
				2A84FF322695784A00D54C99 /* ViewController.swift */,
				2A84FF342695784A00D54C99 /* WebViewController.swift */,
				2A84FF332695784A00D54C99 /* DemoTableViewCell.swift */,
				2A84FF20269575F900D54C99 /* Main.storyboard */,
				2A84FF23269575F900D54C99 /* Assets.xcassets */,
				2A84FF25269575F900D54C99 /* LaunchScreen.storyboard */,
				2A84FF28269575F900D54C99 /* Info.plist */,
			);
			path = FTImageViewerDemo;
			sourceTree = "<group>";
		};
		2A84FF38269578A000D54C99 /* Frameworks */ = {
			isa = PBXGroup;
			children = (
				2A84FF39269578A000D54C99 /* FTImageViewer.framework */,
			);
			name = Frameworks;
			sourceTree = "<group>";
		};
/* End PBXGroup section */

/* Begin PBXNativeTarget section */
		2A84FF16269575F900D54C99 /* FTImageViewerDemo */ = {
			isa = PBXNativeTarget;
			buildConfigurationList = 2A84FF2B269575F900D54C99 /* Build configuration list for PBXNativeTarget "FTImageViewerDemo" */;
			buildPhases = (
				2A84FF13269575F900D54C99 /* Sources */,
				2A84FF14269575F900D54C99 /* Frameworks */,
				2A84FF15269575F900D54C99 /* Resources */,
				2A84FF3C269578A000D54C99 /* Embed Frameworks */,
			);
			buildRules = (
			);
			dependencies = (
			);
			name = FTImageViewerDemo;
			productName = FTImageViewerDemo;
			productReference = 2A84FF17269575F900D54C99 /* FTImageViewerDemo.app */;
			productType = "com.apple.product-type.application";
		};
/* End PBXNativeTarget section */

/* Begin PBXProject section */
		2A84FF0F269575F900D54C99 /* Project object */ = {
			isa = PBXProject;
			attributes = {
				BuildIndependentTargetsInParallel = 1;
				LastSwiftUpdateCheck = 1300;
				LastUpgradeCheck = 1300;
				TargetAttributes = {
					2A84FF16269575F900D54C99 = {
						CreatedOnToolsVersion = 13.0;
					};
				};
			};
			buildConfigurationList = 2A84FF12269575F900D54C99 /* Build configuration list for PBXProject "FTImageViewerDemo" */;
			compatibilityVersion = "Xcode 13.0";
			developmentRegion = en;
			hasScannedForEncodings = 0;
			knownRegions = (
				en,
				Base,
			);
			mainGroup = 2A84FF0E269575F900D54C99;
			productRefGroup = 2A84FF18269575F900D54C99 /* Products */;
			projectDirPath = "";
			projectRoot = "";
			targets = (
				2A84FF16269575F900D54C99 /* FTImageViewerDemo */,
			);
		};
/* End PBXProject section */

/* Begin PBXResourcesBuildPhase section */
		2A84FF15269575F900D54C99 /* Resources */ = {
			isa = PBXResourcesBuildPhase;
			buildActionMask = 2147483647;
			files = (
				2A84FF27269575F900D54C99 /* LaunchScreen.storyboard in Resources */,
				2A84FF24269575F900D54C99 /* Assets.xcassets in Resources */,
				2A84FF22269575F900D54C99 /* Main.storyboard in Resources */,
			);
			runOnlyForDeploymentPostprocessing = 0;
		};
/* End PBXResourcesBuildPhase section */

/* Begin PBXSourcesBuildPhase section */
		2A84FF13269575F900D54C99 /* Sources */ = {
			isa = PBXSourcesBuildPhase;
			buildActionMask = 2147483647;
			files = (
				2A84FF372695784A00D54C99 /* WebViewController.swift in Sources */,
				2A84FF1B269575F900D54C99 /* AppDelegate.swift in Sources */,
				2A84FF352695784A00D54C99 /* ViewController.swift in Sources */,
				2A84FF362695784A00D54C99 /* DemoTableViewCell.swift in Sources */,
				2A84FF1D269575F900D54C99 /* SceneDelegate.swift in Sources */,
			);
			runOnlyForDeploymentPostprocessing = 0;
		};
/* End PBXSourcesBuildPhase section */

/* Begin PBXVariantGroup section */
		2A84FF20269575F900D54C99 /* Main.storyboard */ = {
			isa = PBXVariantGroup;
			children = (
				2A84FF21269575F900D54C99 /* Base */,
			);
			name = Main.storyboard;
			sourceTree = "<group>";
		};
		2A84FF25269575F900D54C99 /* LaunchScreen.storyboard */ = {
			isa = PBXVariantGroup;
			children = (
				2A84FF26269575F900D54C99 /* Base */,
			);
			name = LaunchScreen.storyboard;
			sourceTree = "<group>";
		};
/* End PBXVariantGroup section */

/* Begin XCBuildConfiguration section */
		2A84FF29269575F900D54C99 /* Debug */ = {
			isa = XCBuildConfiguration;
			buildSettings = {
				ALWAYS_SEARCH_USER_PATHS = NO;
				CLANG_ANALYZER_NONNULL = YES;
				CLANG_ANALYZER_NUMBER_OBJECT_CONVERSION = YES_AGGRESSIVE;
				CLANG_CXX_LANGUAGE_STANDARD = "gnu++14";
				CLANG_CXX_LIBRARY = "libc++";
				CLANG_ENABLE_MODULES = YES;
				CLANG_ENABLE_OBJC_ARC = YES;
				CLANG_ENABLE_OBJC_WEAK = YES;
				CLANG_WARN_BLOCK_CAPTURE_AUTORELEASING = YES;
				CLANG_WARN_BOOL_CONVERSION = YES;
				CLANG_WARN_COMMA = YES;
				CLANG_WARN_CONSTANT_CONVERSION = YES;
				CLANG_WARN_DEPRECATED_OBJC_IMPLEMENTATIONS = YES;
				CLANG_WARN_DIRECT_OBJC_ISA_USAGE = YES_ERROR;
				CLANG_WARN_DOCUMENTATION_COMMENTS = YES;
				CLANG_WARN_EMPTY_BODY = YES;
				CLANG_WARN_ENUM_CONVERSION = YES;
				CLANG_WARN_INFINITE_RECURSION = YES;
				CLANG_WARN_INT_CONVERSION = YES;
				CLANG_WARN_NON_LITERAL_NULL_CONVERSION = YES;
				CLANG_WARN_OBJC_IMPLICIT_RETAIN_SELF = YES;
				CLANG_WARN_OBJC_LITERAL_CONVERSION = YES;
				CLANG_WARN_OBJC_ROOT_CLASS = YES_ERROR;
				CLANG_WARN_QUOTED_INCLUDE_IN_FRAMEWORK_HEADER = YES;
				CLANG_WARN_RANGE_LOOP_ANALYSIS = YES;
				CLANG_WARN_STRICT_PROTOTYPES = YES;
				CLANG_WARN_SUSPICIOUS_MOVE = YES;
				CLANG_WARN_UNGUARDED_AVAILABILITY = YES_AGGRESSIVE;
				CLANG_WARN_UNREACHABLE_CODE = YES;
				CLANG_WARN__DUPLICATE_METHOD_MATCH = YES;
				COPY_PHASE_STRIP = NO;
				DEBUG_INFORMATION_FORMAT = dwarf;
				ENABLE_STRICT_OBJC_MSGSEND = YES;
				ENABLE_TESTABILITY = YES;
				GCC_C_LANGUAGE_STANDARD = gnu11;
				GCC_DYNAMIC_NO_PIC = NO;
				GCC_NO_COMMON_BLOCKS = YES;
				GCC_OPTIMIZATION_LEVEL = 0;
				GCC_PREPROCESSOR_DEFINITIONS = (
					"DEBUG=1",
					"$(inherited)",
				);
				GCC_WARN_64_TO_32_BIT_CONVERSION = YES;
				GCC_WARN_ABOUT_RETURN_TYPE = YES_ERROR;
				GCC_WARN_UNDECLARED_SELECTOR = YES;
				GCC_WARN_UNINITIALIZED_AUTOS = YES_AGGRESSIVE;
				GCC_WARN_UNUSED_FUNCTION = YES;
				GCC_WARN_UNUSED_VARIABLE = YES;
				IPHONEOS_DEPLOYMENT_TARGET = 15.0;
				MTL_ENABLE_DEBUG_INFO = INCLUDE_SOURCE;
				MTL_FAST_MATH = YES;
				ONLY_ACTIVE_ARCH = YES;
				SDKROOT = iphoneos;
				SWIFT_ACTIVE_COMPILATION_CONDITIONS = DEBUG;
				SWIFT_OPTIMIZATION_LEVEL = "-Onone";
			};
			name = Debug;
		};
		2A84FF2A269575F900D54C99 /* Release */ = {
			isa = XCBuildConfiguration;
			buildSettings = {
				ALWAYS_SEARCH_USER_PATHS = NO;
				CLANG_ANALYZER_NONNULL = YES;
				CLANG_ANALYZER_NUMBER_OBJECT_CONVERSION = YES_AGGRESSIVE;
				CLANG_CXX_LANGUAGE_STANDARD = "gnu++14";
				CLANG_CXX_LIBRARY = "libc++";
				CLANG_ENABLE_MODULES = YES;
				CLANG_ENABLE_OBJC_ARC = YES;
				CLANG_ENABLE_OBJC_WEAK = YES;
				CLANG_WARN_BLOCK_CAPTURE_AUTORELEASING = YES;
				CLANG_WARN_BOOL_CONVERSION = YES;
				CLANG_WARN_COMMA = YES;
				CLANG_WARN_CONSTANT_CONVERSION = YES;
				CLANG_WARN_DEPRECATED_OBJC_IMPLEMENTATIONS = YES;
				CLANG_WARN_DIRECT_OBJC_ISA_USAGE = YES_ERROR;
				CLANG_WARN_DOCUMENTATION_COMMENTS = YES;
				CLANG_WARN_EMPTY_BODY = YES;
				CLANG_WARN_ENUM_CONVERSION = YES;
				CLANG_WARN_INFINITE_RECURSION = YES;
				CLANG_WARN_INT_CONVERSION = YES;
				CLANG_WARN_NON_LITERAL_NULL_CONVERSION = YES;
				CLANG_WARN_OBJC_IMPLICIT_RETAIN_SELF = YES;
				CLANG_WARN_OBJC_LITERAL_CONVERSION = YES;
				CLANG_WARN_OBJC_ROOT_CLASS = YES_ERROR;
				CLANG_WARN_QUOTED_INCLUDE_IN_FRAMEWORK_HEADER = YES;
				CLANG_WARN_RANGE_LOOP_ANALYSIS = YES;
				CLANG_WARN_STRICT_PROTOTYPES = YES;
				CLANG_WARN_SUSPICIOUS_MOVE = YES;
				CLANG_WARN_UNGUARDED_AVAILABILITY = YES_AGGRESSIVE;
				CLANG_WARN_UNREACHABLE_CODE = YES;
				CLANG_WARN__DUPLICATE_METHOD_MATCH = YES;
				COPY_PHASE_STRIP = NO;
				DEBUG_INFORMATION_FORMAT = "dwarf-with-dsym";
				ENABLE_NS_ASSERTIONS = NO;
				ENABLE_STRICT_OBJC_MSGSEND = YES;
				GCC_C_LANGUAGE_STANDARD = gnu11;
				GCC_NO_COMMON_BLOCKS = YES;
				GCC_WARN_64_TO_32_BIT_CONVERSION = YES;
				GCC_WARN_ABOUT_RETURN_TYPE = YES_ERROR;
				GCC_WARN_UNDECLARED_SELECTOR = YES;
				GCC_WARN_UNINITIALIZED_AUTOS = YES_AGGRESSIVE;
				GCC_WARN_UNUSED_FUNCTION = YES;
				GCC_WARN_UNUSED_VARIABLE = YES;
				IPHONEOS_DEPLOYMENT_TARGET = 15.0;
				MTL_ENABLE_DEBUG_INFO = NO;
				MTL_FAST_MATH = YES;
				SDKROOT = iphoneos;
				SWIFT_COMPILATION_MODE = wholemodule;
				SWIFT_OPTIMIZATION_LEVEL = "-O";
				VALIDATE_PRODUCT = YES;
			};
			name = Release;
		};
		2A84FF2C269575F900D54C99 /* Debug */ = {
			isa = XCBuildConfiguration;
			buildSettings = {
				ASSETCATALOG_COMPILER_APPICON_NAME = AppIcon;
				ASSETCATALOG_COMPILER_GLOBAL_ACCENT_COLOR_NAME = AccentColor;
				CODE_SIGN_STYLE = Automatic;
				CURRENT_PROJECT_VERSION = 1;
				DEVELOPMENT_TEAM = E83AC9WR2F;
				GENERATE_INFOPLIST_FILE = YES;
				INFOPLIST_FILE = FTImageViewerDemo/Info.plist;
				INFOPLIST_KEY_CFBundleExecutable = FTImageViewerDemo;
				INFOPLIST_KEY_CFBundleName = FTImageViewerDemo;
				INFOPLIST_KEY_CFBundleVersion = 1;
				INFOPLIST_KEY_UIApplicationSupportsIndirectInputEvents = YES;
				INFOPLIST_KEY_UILaunchStoryboardName = LaunchScreen;
				INFOPLIST_KEY_UIMainStoryboardFile = Main;
				INFOPLIST_KEY_UISupportedInterfaceOrientations_iPad = "UIInterfaceOrientationPortrait UIInterfaceOrientationPortraitUpsideDown UIInterfaceOrientationLandscapeLeft UIInterfaceOrientationLandscapeRight";
				INFOPLIST_KEY_UISupportedInterfaceOrientations_iPhone = "UIInterfaceOrientationPortrait UIInterfaceOrientationLandscapeLeft UIInterfaceOrientationLandscapeRight";
				LD_RUNPATH_SEARCH_PATHS = (
					"$(inherited)",
					"@executable_path/Frameworks",
				);
				MARKETING_VERSION = 1.0;
				PRODUCT_BUNDLE_IDENTIFIER = com.liufengting.FTImageViewerDemo;
				PRODUCT_NAME = "$(TARGET_NAME)";
				SWIFT_EMIT_LOC_STRINGS = YES;
				SWIFT_VERSION = 5.0;
				TARGETED_DEVICE_FAMILY = "1,2";
			};
			name = Debug;
		};
		2A84FF2D269575F900D54C99 /* Release */ = {
			isa = XCBuildConfiguration;
			buildSettings = {
				ASSETCATALOG_COMPILER_APPICON_NAME = AppIcon;
				ASSETCATALOG_COMPILER_GLOBAL_ACCENT_COLOR_NAME = AccentColor;
				CODE_SIGN_STYLE = Automatic;
				CURRENT_PROJECT_VERSION = 1;
				DEVELOPMENT_TEAM = E83AC9WR2F;
				GENERATE_INFOPLIST_FILE = YES;
				INFOPLIST_FILE = FTImageViewerDemo/Info.plist;
				INFOPLIST_KEY_CFBundleExecutable = FTImageViewerDemo;
				INFOPLIST_KEY_CFBundleName = FTImageViewerDemo;
				INFOPLIST_KEY_CFBundleVersion = 1;
				INFOPLIST_KEY_UIApplicationSupportsIndirectInputEvents = YES;
				INFOPLIST_KEY_UILaunchStoryboardName = LaunchScreen;
				INFOPLIST_KEY_UIMainStoryboardFile = Main;
				INFOPLIST_KEY_UISupportedInterfaceOrientations_iPad = "UIInterfaceOrientationPortrait UIInterfaceOrientationPortraitUpsideDown UIInterfaceOrientationLandscapeLeft UIInterfaceOrientationLandscapeRight";
				INFOPLIST_KEY_UISupportedInterfaceOrientations_iPhone = "UIInterfaceOrientationPortrait UIInterfaceOrientationLandscapeLeft UIInterfaceOrientationLandscapeRight";
				LD_RUNPATH_SEARCH_PATHS = (
					"$(inherited)",
					"@executable_path/Frameworks",
				);
				MARKETING_VERSION = 1.0;
				PRODUCT_BUNDLE_IDENTIFIER = com.liufengting.FTImageViewerDemo;
				PRODUCT_NAME = "$(TARGET_NAME)";
				SWIFT_EMIT_LOC_STRINGS = YES;
				SWIFT_VERSION = 5.0;
				TARGETED_DEVICE_FAMILY = "1,2";
			};
			name = Release;
		};
/* End XCBuildConfiguration section */

/* Begin XCConfigurationList section */
		2A84FF12269575F900D54C99 /* Build configuration list for PBXProject "FTImageViewerDemo" */ = {
			isa = XCConfigurationList;
			buildConfigurations = (
				2A84FF29269575F900D54C99 /* Debug */,
				2A84FF2A269575F900D54C99 /* Release */,
			);
			defaultConfigurationIsVisible = 0;
			defaultConfigurationName = Release;
		};
		2A84FF2B269575F900D54C99 /* Build configuration list for PBXNativeTarget "FTImageViewerDemo" */ = {
			isa = XCConfigurationList;
			buildConfigurations = (
				2A84FF2C269575F900D54C99 /* Debug */,
				2A84FF2D269575F900D54C99 /* Release */,
			);
			defaultConfigurationIsVisible = 0;
			defaultConfigurationName = Release;
		};
/* End XCConfigurationList section */
	};
	rootObject = 2A84FF0F269575F900D54C99 /* Project object */;
}
