PODS:
  - FTImageViewer (1.3.8):
    - SDWebImage
  - SDWebImage (3.8.1):
    - SDWebImage/Core (= 3.8.1)
  - SDWebImage/Core (3.8.1)

DEPENDENCIES:
  - FTImageViewer

SPEC CHECKSUMS:
  FTImageViewer: 292a3dd8cad561c710c4696f716777c8bdf43928
  SDWebImage: 35f9627a3e44b4f292a8a8ce6a531fa488239b91

PODFILE CHECKSUM: 6450a2562aa136ade442ae13c0e29a125ecdee06

COCOAPODS: 1.0.1
