PODS:
  - Alamofire (3.4.1)
  - AlamofireImage (2.4.1):
    - Alamofire (~> 3.3)
  - FTImageViewer (1.4.0):
    - AlamofireImage

DEPENDENCIES:
  - FTImageViewer

SPEC CHECKSUMS:
  Alamofire: 01a82e2f6c0f860ade35534c8dd88be61bdef40c
  AlamofireImage: 3ccf3347d9ea24580dc11fb892770a0be6a29826
  FTImageViewer: 9ef96d64238f7094812a4b336babaf65d37eca82

PODFILE CHECKSUM: 6450a2562aa136ade442ae13c0e29a125ecdee06

COCOAPODS: 1.0.1
